
Microsoft Visual Studio Solution File, Format Version 12.00
Project("{FAE04EC0-301F-11D3-BF4B-00C04F79EFBC}") = "DataPipes.Core.Abstractions", "DataPipes.Core.Abstractions\DataPipes.Core.Abstractions.csproj", "{B44B9327-6FEC-41D2-82A7-019B3933C29C}"
EndProject
Project("{FAE04EC0-301F-11D3-BF4B-00C04F79EFBC}") = "DataPipes.Core", "DataPipes.Core\DataPipes.Core.csproj", "{1C507681-AED0-4D57-8287-75972D2B4911}"
EndProject
Project("{FAE04EC0-301F-11D3-BF4B-00C04F79EFBC}") = "Sandbox", "Sandbox\Sandbox.csproj", "{675DE127-21E9-42FA-935C-267AC9BFAB29}"
EndProject
Project("{FAE04EC0-301F-11D3-BF4B-00C04F79EFBC}") = "DataPipes.Pipelines", "DataPipes.Pipelines\DataPipes.Pipelines.csproj", "{EB5E2D3D-2285-4721-8347-76DBC771368A}"
EndProject
Project("{FAE04EC0-301F-11D3-BF4B-00C04F79EFBC}") = "DataPipes.Core.EdgeBlocks", "DataPipes.Core.EdgeBlocks\DataPipes.Core.EdgeBlocks.csproj", "{FC2078B0-312F-4A34-85EB-0D8CEAECB231}"
EndProject
Project("{FAE04EC0-301F-11D3-BF4B-00C04F79EFBC}") = "DataPipes.Pipelines.Abstractions", "DataPipes.Pipelines.Abstractions\DataPipes.Pipelines.Abstractions.csproj", "{92BF9BD9-E2A6-4377-B954-CFFA5081E4C0}"
EndProject
Project("{FAE04EC0-301F-11D3-BF4B-00C04F79EFBC}") = "DataPipes.Pipelines.EdgeBlocks", "DataPipes.Pipelines.EdgeBlocks\DataPipes.Pipelines.EdgeBlocks.csproj", "{686147E5-6FAB-4F62-9A0B-30A950A0BAF4}"
EndProject
Project("{FAE04EC0-301F-11D3-BF4B-00C04F79EFBC}") = "DataPipes.Pipelines.App", "DataPipes.Pipelines.App\DataPipes.Pipelines.App.csproj", "{77C511EE-A415-4F6E-9AF7-E8B0C39BDC7E}"
EndProject
Global
	GlobalSection(SolutionConfigurationPlatforms) = preSolution
		Debug|Any CPU = Debug|Any CPU
		Release|Any CPU = Release|Any CPU
	EndGlobalSection
	GlobalSection(ProjectConfigurationPlatforms) = postSolution
		{B44B9327-6FEC-41D2-82A7-019B3933C29C}.Debug|Any CPU.ActiveCfg = Debug|Any CPU
		{B44B9327-6FEC-41D2-82A7-019B3933C29C}.Debug|Any CPU.Build.0 = Debug|Any CPU
		{B44B9327-6FEC-41D2-82A7-019B3933C29C}.Release|Any CPU.ActiveCfg = Release|Any CPU
		{B44B9327-6FEC-41D2-82A7-019B3933C29C}.Release|Any CPU.Build.0 = Release|Any CPU
		{1C507681-AED0-4D57-8287-75972D2B4911}.Debug|Any CPU.ActiveCfg = Debug|Any CPU
		{1C507681-AED0-4D57-8287-75972D2B4911}.Debug|Any CPU.Build.0 = Debug|Any CPU
		{1C507681-AED0-4D57-8287-75972D2B4911}.Release|Any CPU.ActiveCfg = Release|Any CPU
		{1C507681-AED0-4D57-8287-75972D2B4911}.Release|Any CPU.Build.0 = Release|Any CPU
		{675DE127-21E9-42FA-935C-267AC9BFAB29}.Debug|Any CPU.ActiveCfg = Debug|Any CPU
		{675DE127-21E9-42FA-935C-267AC9BFAB29}.Debug|Any CPU.Build.0 = Debug|Any CPU
		{675DE127-21E9-42FA-935C-267AC9BFAB29}.Release|Any CPU.ActiveCfg = Release|Any CPU
		{675DE127-21E9-42FA-935C-267AC9BFAB29}.Release|Any CPU.Build.0 = Release|Any CPU
		{EB5E2D3D-2285-4721-8347-76DBC771368A}.Debug|Any CPU.ActiveCfg = Debug|Any CPU
		{EB5E2D3D-2285-4721-8347-76DBC771368A}.Debug|Any CPU.Build.0 = Debug|Any CPU
		{EB5E2D3D-2285-4721-8347-76DBC771368A}.Release|Any CPU.ActiveCfg = Release|Any CPU
		{EB5E2D3D-2285-4721-8347-76DBC771368A}.Release|Any CPU.Build.0 = Release|Any CPU
		{FC2078B0-312F-4A34-85EB-0D8CEAECB231}.Debug|Any CPU.ActiveCfg = Debug|Any CPU
		{FC2078B0-312F-4A34-85EB-0D8CEAECB231}.Debug|Any CPU.Build.0 = Debug|Any CPU
		{FC2078B0-312F-4A34-85EB-0D8CEAECB231}.Release|Any CPU.ActiveCfg = Release|Any CPU
		{FC2078B0-312F-4A34-85EB-0D8CEAECB231}.Release|Any CPU.Build.0 = Release|Any CPU
		{92BF9BD9-E2A6-4377-B954-CFFA5081E4C0}.Debug|Any CPU.ActiveCfg = Debug|Any CPU
		{92BF9BD9-E2A6-4377-B954-CFFA5081E4C0}.Debug|Any CPU.Build.0 = Debug|Any CPU
		{92BF9BD9-E2A6-4377-B954-CFFA5081E4C0}.Release|Any CPU.ActiveCfg = Release|Any CPU
		{92BF9BD9-E2A6-4377-B954-CFFA5081E4C0}.Release|Any CPU.Build.0 = Release|Any CPU
		{686147E5-6FAB-4F62-9A0B-30A950A0BAF4}.Debug|Any CPU.ActiveCfg = Debug|Any CPU
		{686147E5-6FAB-4F62-9A0B-30A950A0BAF4}.Debug|Any CPU.Build.0 = Debug|Any CPU
		{686147E5-6FAB-4F62-9A0B-30A950A0BAF4}.Release|Any CPU.ActiveCfg = Release|Any CPU
		{686147E5-6FAB-4F62-9A0B-30A950A0BAF4}.Release|Any CPU.Build.0 = Release|Any CPU
		{77C511EE-A415-4F6E-9AF7-E8B0C39BDC7E}.Debug|Any CPU.ActiveCfg = Debug|Any CPU
		{77C511EE-A415-4F6E-9AF7-E8B0C39BDC7E}.Debug|Any CPU.Build.0 = Debug|Any CPU
		{77C511EE-A415-4F6E-9AF7-E8B0C39BDC7E}.Release|Any CPU.ActiveCfg = Release|Any CPU
		{77C511EE-A415-4F6E-9AF7-E8B0C39BDC7E}.Release|Any CPU.Build.0 = Release|Any CPU
	EndGlobalSection
EndGlobal
